// !$*UTF8*$!
{
	archiveVersion = 1;
	classes = {
	};
	objectVersion = 46;
	objects = {

/* Begin PBXBuildFile section */
		8483D9E21B15F2AF00DE5D87 /* AppDelegate.swift in Sources */ = {isa = PBXBuildFile; fileRef = 8483D9E11B15F2AF00DE5D87 /* AppDelegate.swift */; };
		8483D9E41B15F2AF00DE5D87 /* ViewController.swift in Sources */ = {isa = PBXBuildFile; fileRef = 8483D9E31B15F2AF00DE5D87 /* ViewController.swift */; };
		8483D9E71B15F2AF00DE5D87 /* Main.storyboard in Resources */ = {isa = PBXBuildFile; fileRef = 8483D9E51B15F2AF00DE5D87 /* Main.storyboard */; };
		8483D9E91B15F2AF00DE5D87 /* Images.xcassets in Resources */ = {isa = PBXBuildFile; fileRef = 8483D9E81B15F2AF00DE5D87 /* Images.xcassets */; };
		8483D9EC1B15F2AF00DE5D87 /* LaunchScreen.xib in Resources */ = {isa = PBXBuildFile; fileRef = 8483D9EA1B15F2AF00DE5D87 /* LaunchScreen.xib */; };
		8483D9F81B15F2AF00DE5D87 /* PIRippleTests.swift in Sources */ = {isa = PBXBuildFile; fileRef = 8483D9F71B15F2AF00DE5D87 /* PIRippleTests.swift */; };
/* End PBXBuildFile section */

/* Begin PBXContainerItemProxy section */
		8483D9F21B15F2AF00DE5D87 /* PBXContainerItemProxy */ = {
			isa = PBXContainerItemProxy;
			containerPortal = 8483D9D41B15F2AF00DE5D87 /* Project object */;
			proxyType = 1;
			remoteGlobalIDString = 8483D9DB1B15F2AF00DE5D87;
			remoteInfo = PIRipple;
		};
/* End PBXContainerItemProxy section */

/* Begin PBXFileReference section */
		8483D9DC1B15F2AF00DE5D87 /* PIRipple.app */ = {isa = PBXFileReference; explicitFileType = wrapper.application; includeInIndex = 0; path = PIRipple.app; sourceTree = BUILT_PRODUCTS_DIR; };
		8483D9E01B15F2AF00DE5D87 /* Info.plist */ = {isa = PBXFileReference; lastKnownFileType = text.plist.xml; path = Info.plist; sourceTree = "<group>"; };
		8483D9E11B15F2AF00DE5D87 /* AppDelegate.swift */ = {isa = PBXFileReference; lastKnownFileType = sourcecode.swift; path = AppDelegate.swift; sourceTree = "<group>"; };
		8483D9E31B15F2AF00DE5D87 /* ViewController.swift */ = {isa = PBXFileReference; lastKnownFileType = sourcecode.swift; path = ViewController.swift; sourceTree = "<group>"; };
		8483D9E61B15F2AF00DE5D87 /* Base */ = {isa = PBXFileReference; lastKnownFileType = file.storyboard; name = Base; path = Base.lproj/Main.storyboard; sourceTree = "<group>"; };
		8483D9E81B15F2AF00DE5D87 /* Images.xcassets */ = {isa = PBXFileReference; lastKnownFileType = folder.assetcatalog; path = Images.xcassets; sourceTree = "<group>"; };
		8483D9EB1B15F2AF00DE5D87 /* Base */ = {isa = PBXFileReference; lastKnownFileType = file.xib; name = Base; path = Base.lproj/LaunchScreen.xib; sourceTree = "<group>"; };
		8483D9F11B15F2AF00DE5D87 /* PIRippleTests.xctest */ = {isa = PBXFileReference; explicitFileType = wrapper.cfbundle; includeInIndex = 0; path = PIRippleTests.xctest; sourceTree = BUILT_PRODUCTS_DIR; };
		8483D9F61B15F2AF00DE5D87 /* Info.plist */ = {isa = PBXFileReference; lastKnownFileType = text.plist.xml; path = Info.plist; sourceTree = "<group>"; };
		8483D9F71B15F2AF00DE5D87 /* PIRippleTests.swift */ = {isa = PBXFileReference; lastKnownFileType = sourcecode.swift; path = PIRippleTests.swift; sourceTree = "<group>"; };
/* End PBXFileReference section */

/* Begin PBXFrameworksBuildPhase section */
		8483D9D91B15F2AF00DE5D87 /* Frameworks */ = {
			isa = PBXFrameworksBuildPhase;
			buildActionMask = 2147483647;
			files = (
			);
			runOnlyForDeploymentPostprocessing = 0;
		};
		8483D9EE1B15F2AF00DE5D87 /* Frameworks */ = {
			isa = PBXFrameworksBuildPhase;
			buildActionMask = 2147483647;
			files = (
			);
			runOnlyForDeploymentPostprocessing = 0;
		};
/* End PBXFrameworksBuildPhase section */

/* Begin PBXGroup section */
		8483D9D31B15F2AF00DE5D87 = {
			isa = PBXGroup;
			children = (
				8483D9DE1B15F2AF00DE5D87 /* PIRipple */,
				8483D9F41B15F2AF00DE5D87 /* PIRippleTests */,
				8483D9DD1B15F2AF00DE5D87 /* Products */,
			);
			sourceTree = "<group>";
		};
		8483D9DD1B15F2AF00DE5D87 /* Products */ = {
			isa = PBXGroup;
			children = (
				8483D9DC1B15F2AF00DE5D87 /* PIRipple.app */,
				8483D9F11B15F2AF00DE5D87 /* PIRippleTests.xctest */,
			);
			name = Products;
			sourceTree = "<group>";
		};
		8483D9DE1B15F2AF00DE5D87 /* PIRipple */ = {
			isa = PBXGroup;
			children = (
				8483D9E11B15F2AF00DE5D87 /* AppDelegate.swift */,
				8483D9E31B15F2AF00DE5D87 /* ViewController.swift */,
				8483D9E51B15F2AF00DE5D87 /* Main.storyboard */,
				8483D9E81B15F2AF00DE5D87 /* Images.xcassets */,
				8483D9EA1B15F2AF00DE5D87 /* LaunchScreen.xib */,
				8483D9DF1B15F2AF00DE5D87 /* Supporting Files */,
			);
			path = PIRipple;
			sourceTree = "<group>";
		};
		8483D9DF1B15F2AF00DE5D87 /* Supporting Files */ = {
			isa = PBXGroup;
			children = (
				8483D9E01B15F2AF00DE5D87 /* Info.plist */,
			);
			name = "Supporting Files";
			sourceTree = "<group>";
		};
		8483D9F41B15F2AF00DE5D87 /* PIRippleTests */ = {
			isa = PBXGroup;
			children = (
				8483D9F71B15F2AF00DE5D87 /* PIRippleTests.swift */,
				8483D9F51B15F2AF00DE5D87 /* Supporting Files */,
			);
			path = PIRippleTests;
			sourceTree = "<group>";
		};
		8483D9F51B15F2AF00DE5D87 /* Supporting Files */ = {
			isa = PBXGroup;
			children = (
				8483D9F61B15F2AF00DE5D87 /* Info.plist */,
			);
			name = "Supporting Files";
			sourceTree = "<group>";
		};
/* End PBXGroup section */

/* Begin PBXNativeTarget section */
		8483D9DB1B15F2AF00DE5D87 /* PIRipple */ = {
			isa = PBXNativeTarget;
			buildConfigurationList = 8483D9FB1B15F2AF00DE5D87 /* Build configuration list for PBXNativeTarget "PIRipple" */;
			buildPhases = (
				8483D9D81B15F2AF00DE5D87 /* Sources */,
				8483D9D91B15F2AF00DE5D87 /* Frameworks */,
				8483D9DA1B15F2AF00DE5D87 /* Resources */,
			);
			buildRules = (
			);
			dependencies = (
			);
			name = PIRipple;
			productName = PIRipple;
			productReference = 8483D9DC1B15F2AF00DE5D87 /* PIRipple.app */;
			productType = "com.apple.product-type.application";
		};
		8483D9F01B15F2AF00DE5D87 /* PIRippleTests */ = {
			isa = PBXNativeTarget;
			buildConfigurationList = 8483D9FE1B15F2AF00DE5D87 /* Build configuration list for PBXNativeTarget "PIRippleTests" */;
			buildPhases = (
				8483D9ED1B15F2AF00DE5D87 /* Sources */,
				8483D9EE1B15F2AF00DE5D87 /* Frameworks */,
				8483D9EF1B15F2AF00DE5D87 /* Resources */,
			);
			buildRules = (
			);
			dependencies = (
				8483D9F31B15F2AF00DE5D87 /* PBXTargetDependency */,
			);
			name = PIRippleTests;
			productName = PIRippleTests;
			productReference = 8483D9F11B15F2AF00DE5D87 /* PIRippleTests.xctest */;
			productType = "com.apple.product-type.bundle.unit-test";
		};
/* End PBXNativeTarget section */

/* Begin PBXProject section */
		8483D9D41B15F2AF00DE5D87 /* Project object */ = {
			isa = PBXProject;
			attributes = {
				LastUpgradeCheck = 0630;
				ORGANIZATIONNAME = pixelink;
				TargetAttributes = {
					8483D9DB1B15F2AF00DE5D87 = {
						CreatedOnToolsVersion = 6.3.2;
					};
					8483D9F01B15F2AF00DE5D87 = {
						CreatedOnToolsVersion = 6.3.2;
						TestTargetID = 8483D9DB1B15F2AF00DE5D87;
					};
				};
			};
			buildConfigurationList = 8483D9D71B15F2AF00DE5D87 /* Build configuration list for PBXProject "PIRipple" */;
			compatibilityVersion = "Xcode 3.2";
			developmentRegion = English;
			hasScannedForEncodings = 0;
			knownRegions = (
				en,
				Base,
			);
			mainGroup = 8483D9D31B15F2AF00DE5D87;
			productRefGroup = 8483D9DD1B15F2AF00DE5D87 /* Products */;
			projectDirPath = "";
			projectRoot = "";
			targets = (
				8483D9DB1B15F2AF00DE5D87 /* PIRipple */,
				8483D9F01B15F2AF00DE5D87 /* PIRippleTests */,
			);
		};
/* End PBXProject section */

/* Begin PBXResourcesBuildPhase section */
		8483D9DA1B15F2AF00DE5D87 /* Resources */ = {
			isa = PBXResourcesBuildPhase;
			buildActionMask = 2147483647;
			files = (
				8483D9E71B15F2AF00DE5D87 /* Main.storyboard in Resources */,
				8483D9EC1B15F2AF00DE5D87 /* LaunchScreen.xib in Resources */,
				8483D9E91B15F2AF00DE5D87 /* Images.xcassets in Resources */,
			);
			runOnlyForDeploymentPostprocessing = 0;
		};
		8483D9EF1B15F2AF00DE5D87 /* Resources */ = {
			isa = PBXResourcesBuildPhase;
			buildActionMask = 2147483647;
			files = (
			);
			runOnlyForDeploymentPostprocessing = 0;
		};
/* End PBXResourcesBuildPhase section */

/* Begin PBXSourcesBuildPhase section */
		8483D9D81B15F2AF00DE5D87 /* Sources */ = {
			isa = PBXSourcesBuildPhase;
			buildActionMask = 2147483647;
			files = (
				8483D9E41B15F2AF00DE5D87 /* ViewController.swift in Sources */,
				8483D9E21B15F2AF00DE5D87 /* AppDelegate.swift in Sources */,
			);
			runOnlyForDeploymentPostprocessing = 0;
		};
		8483D9ED1B15F2AF00DE5D87 /* Sources */ = {
			isa = PBXSourcesBuildPhase;
			buildActionMask = 2147483647;
			files = (
				8483D9F81B15F2AF00DE5D87 /* PIRippleTests.swift in Sources */,
			);
			runOnlyForDeploymentPostprocessing = 0;
		};
/* End PBXSourcesBuildPhase section */

/* Begin PBXTargetDependency section */
		8483D9F31B15F2AF00DE5D87 /* PBXTargetDependency */ = {
			isa = PBXTargetDependency;
			target = 8483D9DB1B15F2AF00DE5D87 /* PIRipple */;
			targetProxy = 8483D9F21B15F2AF00DE5D87 /* PBXContainerItemProxy */;
		};
/* End PBXTargetDependency section */

/* Begin PBXVariantGroup section */
		8483D9E51B15F2AF00DE5D87 /* Main.storyboard */ = {
			isa = PBXVariantGroup;
			children = (
				8483D9E61B15F2AF00DE5D87 /* Base */,
			);
			name = Main.storyboard;
			sourceTree = "<group>";
		};
		8483D9EA1B15F2AF00DE5D87 /* LaunchScreen.xib */ = {
			isa = PBXVariantGroup;
			children = (
				8483D9EB1B15F2AF00DE5D87 /* Base */,
			);
			name = LaunchScreen.xib;
			sourceTree = "<group>";
		};
/* End PBXVariantGroup section */

/* Begin XCBuildConfiguration section */
		8483D9F91B15F2AF00DE5D87 /* Debug */ = {
			isa = XCBuildConfiguration;
			buildSettings = {
				ALWAYS_SEARCH_USER_PATHS = NO;
				CLANG_CXX_LANGUAGE_STANDARD = "gnu++0x";
				CLANG_CXX_LIBRARY = "libc++";
				CLANG_ENABLE_MODULES = YES;
				CLANG_ENABLE_OBJC_ARC = YES;
				CLANG_WARN_BOOL_CONVERSION = YES;
				CLANG_WARN_CONSTANT_CONVERSION = YES;
				CLANG_WARN_DIRECT_OBJC_ISA_USAGE = YES_ERROR;
				CLANG_WARN_EMPTY_BODY = YES;
				CLANG_WARN_ENUM_CONVERSION = YES;
				CLANG_WARN_INT_CONVERSION = YES;
				CLANG_WARN_OBJC_ROOT_CLASS = YES_ERROR;
				CLANG_WARN_UNREACHABLE_CODE = YES;
				CLANG_WARN__DUPLICATE_METHOD_MATCH = YES;
				"CODE_SIGN_IDENTITY[sdk=iphoneos*]" = "iPhone Developer";
				COPY_PHASE_STRIP = NO;
				DEBUG_INFORMATION_FORMAT = "dwarf-with-dsym";
				ENABLE_STRICT_OBJC_MSGSEND = YES;
				GCC_C_LANGUAGE_STANDARD = gnu99;
				GCC_DYNAMIC_NO_PIC = NO;
				GCC_NO_COMMON_BLOCKS = YES;
				GCC_OPTIMIZATION_LEVEL = 0;
				GCC_PREPROCESSOR_DEFINITIONS = (
					"DEBUG=1",
					"$(inherited)",
				);
				GCC_SYMBOLS_PRIVATE_EXTERN = NO;
				GCC_WARN_64_TO_32_BIT_CONVERSION = YES;
				GCC_WARN_ABOUT_RETURN_TYPE = YES_ERROR;
				GCC_WARN_UNDECLARED_SELECTOR = YES;
				GCC_WARN_UNINITIALIZED_AUTOS = YES_AGGRESSIVE;
				GCC_WARN_UNUSED_FUNCTION = YES;
				GCC_WARN_UNUSED_VARIABLE = YES;
				IPHONEOS_DEPLOYMENT_TARGET = 8.3;
				MTL_ENABLE_DEBUG_INFO = YES;
				ONLY_ACTIVE_ARCH = YES;
				SDKROOT = iphoneos;
				SWIFT_OPTIMIZATION_LEVEL = "-Onone";
			};
			name = Debug;
		};
		8483D9FA1B15F2AF00DE5D87 /* Release */ = {
			isa = XCBuildConfiguration;
			buildSettings = {
				ALWAYS_SEARCH_USER_PATHS = NO;
				CLANG_CXX_LANGUAGE_STANDARD = "gnu++0x";
				CLANG_CXX_LIBRARY = "libc++";
				CLANG_ENABLE_MODULES = YES;
				CLANG_ENABLE_OBJC_ARC = YES;
				CLANG_WARN_BOOL_CONVERSION = YES;
				CLANG_WARN_CONSTANT_CONVERSION = YES;
				CLANG_WARN_DIRECT_OBJC_ISA_USAGE = YES_ERROR;
				CLANG_WARN_EMPTY_BODY = YES;
				CLANG_WARN_ENUM_CONVERSION = YES;
				CLANG_WARN_INT_CONVERSION = YES;
				CLANG_WARN_OBJC_ROOT_CLASS = YES_ERROR;
				CLANG_WARN_UNREACHABLE_CODE = YES;
				CLANG_WARN__DUPLICATE_METHOD_MATCH = YES;
				"CODE_SIGN_IDENTITY[sdk=iphoneos*]" = "iPhone Developer";
				COPY_PHASE_STRIP = NO;
				DEBUG_INFORMATION_FORMAT = "dwarf-with-dsym";
				ENABLE_NS_ASSERTIONS = NO;
				ENABLE_STRICT_OBJC_MSGSEND = YES;
				GCC_C_LANGUAGE_STANDARD = gnu99;
				GCC_NO_COMMON_BLOCKS = YES;
				GCC_WARN_64_TO_32_BIT_CONVERSION = YES;
				GCC_WARN_ABOUT_RETURN_TYPE = YES_ERROR;
				GCC_WARN_UNDECLARED_SELECTOR = YES;
				GCC_WARN_UNINITIALIZED_AUTOS = YES_AGGRESSIVE;
				GCC_WARN_UNUSED_FUNCTION = YES;
				GCC_WARN_UNUSED_VARIABLE = YES;
				IPHONEOS_DEPLOYMENT_TARGET = 8.3;
				MTL_ENABLE_DEBUG_INFO = NO;
				SDKROOT = iphoneos;
				VALIDATE_PRODUCT = YES;
			};
			name = Release;
		};
		8483D9FC1B15F2AF00DE5D87 /* Debug */ = {
			isa = XCBuildConfiguration;
			buildSettings = {
				ASSETCATALOG_COMPILER_APPICON_NAME = AppIcon;
				INFOPLIST_FILE = PIRipple/Info.plist;
				LD_RUNPATH_SEARCH_PATHS = "$(inherited) @executable_path/Frameworks";
				PRODUCT_NAME = "$(TARGET_NAME)";
			};
			name = Debug;
		};
		8483D9FD1B15F2AF00DE5D87 /* Release */ = {
			isa = XCBuildConfiguration;
			buildSettings = {
				ASSETCATALOG_COMPILER_APPICON_NAME = AppIcon;
				INFOPLIST_FILE = PIRipple/Info.plist;
				LD_RUNPATH_SEARCH_PATHS = "$(inherited) @executable_path/Frameworks";
				PRODUCT_NAME = "$(TARGET_NAME)";
			};
			name = Release;
		};
		8483D9FF1B15F2AF00DE5D87 /* Debug */ = {
			isa = XCBuildConfiguration;
			buildSettings = {
				BUNDLE_LOADER = "$(TEST_HOST)";
				FRAMEWORK_SEARCH_PATHS = (
					"$(SDKROOT)/Developer/Library/Frameworks",
					"$(inherited)",
				);
				GCC_PREPROCESSOR_DEFINITIONS = (
					"DEBUG=1",
					"$(inherited)",
				);
				INFOPLIST_FILE = PIRippleTests/Info.plist;
				LD_RUNPATH_SEARCH_PATHS = "$(inherited) @executable_path/Frameworks @loader_path/Frameworks";
				PRODUCT_NAME = "$(TARGET_NAME)";
				TEST_HOST = "$(BUILT_PRODUCTS_DIR)/PIRipple.app/PIRipple";
			};
			name = Debug;
		};
		8483DA001B15F2AF00DE5D87 /* Release */ = {
			isa = XCBuildConfiguration;
			buildSettings = {
				BUNDLE_LOADER = "$(TEST_HOST)";
				FRAMEWORK_SEARCH_PATHS = (
					"$(SDKROOT)/Developer/Library/Frameworks",
					"$(inherited)",
				);
				INFOPLIST_FILE = PIRippleTests/Info.plist;
				LD_RUNPATH_SEARCH_PATHS = "$(inherited) @executable_path/Frameworks @loader_path/Frameworks";
				PRODUCT_NAME = "$(TARGET_NAME)";
				TEST_HOST = "$(BUILT_PRODUCTS_DIR)/PIRipple.app/PIRipple";
			};
			name = Release;
		};
/* End XCBuildConfiguration section */

/* Begin XCConfigurationList section */
		8483D9D71B15F2AF00DE5D87 /* Build configuration list for PBXProject "PIRipple" */ = {
			isa = XCConfigurationList;
			buildConfigurations = (
				8483D9F91B15F2AF00DE5D87 /* Debug */,
				8483D9FA1B15F2AF00DE5D87 /* Release */,
			);
			defaultConfigurationIsVisible = 0;
			defaultConfigurationName = Release;
		};
		8483D9FB1B15F2AF00DE5D87 /* Build configuration list for PBXNativeTarget "PIRipple" */ = {
			isa = XCConfigurationList;
			buildConfigurations = (
				8483D9FC1B15F2AF00DE5D87 /* Debug */,
				8483D9FD1B15F2AF00DE5D87 /* Release */,
			);
			defaultConfigurationIsVisible = 0;
		};
		8483D9FE1B15F2AF00DE5D87 /* Build configuration list for PBXNativeTarget "PIRippleTests" */ = {
			isa = XCConfigurationList;
			buildConfigurations = (
				8483D9FF1B15F2AF00DE5D87 /* Debug */,
				8483DA001B15F2AF00DE5D87 /* Release */,
			);
			defaultConfigurationIsVisible = 0;
		};
/* End XCConfigurationList section */
	};
	rootObject = 8483D9D41B15F2AF00DE5D87 /* Project object */;
}
